
Microsoft Visual Studio Solution File, Format Version 12.00
# Visual Studio Version 16
VisualStudioVersion = 16.0.29728.190
MinimumVisualStudioVersion = 10.0.40219.1
Project("{FAE04EC0-301F-11D3-BF4B-00C04F79EFBC}") = "Graphene.Core", "Graphene.Core.csproj", "{0C6F51FD-EE45-4145-9837-D08E04EC59FA}"
EndProject
Global
	GlobalSection(SolutionConfigurationPlatforms) = preSolution
		Debug|Any CPU = Debug|Any CPU
		Release|Any CPU = Release|Any CPU
	EndGlobalSection
	GlobalSection(ProjectConfigurationPlatforms) = postSolution
		{0C6F51FD-EE45-4145-9837-D08E04EC59FA}.Debug|Any CPU.ActiveCfg = Debug|Any CPU
		{0C6F51FD-EE45-4145-9837-D08E04EC59FA}.Debug|Any CPU.Build.0 = Debug|Any CPU
		{0C6F51FD-EE45-4145-9837-D08E04EC59FA}.Release|Any CPU.ActiveCfg = Release|Any CPU
		{0C6F51FD-EE45-4145-9837-D08E04EC59FA}.Release|Any CPU.Build.0 = Release|Any CPU
	EndGlobalSection
	GlobalSection(SolutionProperties) = preSolution
		HideSolutionNode = FALSE
	EndGlobalSection
	GlobalSection(ExtensibilityGlobals) = postSolution
		SolutionGuid = {8A338BB7-3E20-4335-A22E-1B73D539DAEC}
	EndGlobalSection
EndGlobal
